
Microsoft Visual Studio Solution File, Format Version 12.00
# Visual Studio Version 16
VisualStudioVersion = 16.0.30114.105
MinimumVisualStudioVersion = 10.0.40219.1
Project("{FAE04EC0-301F-11D3-BF4B-00C04F79EFBC}") = "BookListRazor", "BookListRazor.csproj", "{D947F499-2E9C-4615-BE90-84359A063E65}"
EndProject
Global
	GlobalSection(SolutionConfigurationPlatforms) = preSolution
		Debug|Any CPU = Debug|Any CPU
		Release|Any CPU = Release|Any CPU
	EndGlobalSection
	GlobalSection(ProjectConfigurationPlatforms) = postSolution
		{D947F499-2E9C-4615-BE90-84359A063E65}.Debug|Any CPU.ActiveCfg = Debug|Any CPU
		{D947F499-2E9C-4615-BE90-84359A063E65}.Debug|Any CPU.Build.0 = Debug|Any CPU
		{D947F499-2E9C-4615-BE90-84359A063E65}.Release|Any CPU.ActiveCfg = Release|Any CPU
		{D947F499-2E9C-4615-BE90-84359A063E65}.Release|Any CPU.Build.0 = Release|Any CPU
	EndGlobalSection
	GlobalSection(SolutionProperties) = preSolution
		HideSolutionNode = FALSE
	EndGlobalSection
	GlobalSection(ExtensibilityGlobals) = postSolution
		SolutionGuid = {180EA40C-BD1C-4CE5-94B3-01DFE26C8250}
	EndGlobalSection
EndGlobal
